{
  "name": "editor_data",
  "lockfileVersion": 2,
  "requires": true,
  "packages": {
    "": {
      "dependencies": {
        "@bscotch/yy": "^2.6.1"
      }
    },
    "node_modules/@bscotch/utility": {
      "version": "7.2.0",
      "resolved": "https://registry.npmjs.org/@bscotch/utility/-/utility-7.2.0.tgz",
      "integrity": "sha512-LBf3peXw150JiLwqgo1gaubGdcvC02dQH++Udj3G6ttKTMWdtTxdrWX7Ny2MsdX3IIK5AflCO9m82z74k+KMFg==",
      "dependencies": {
        "debug": "4.3.4",
        "tslib": "^2.6.2"
      }
    },
    "node_modules/@bscotch/yy": {
      "version": "2.6.1",
      "resolved": "https://registry.npmjs.org/@bscotch/yy/-/yy-2.6.1.tgz",
      "integrity": "sha512-Q4KPey0FZ1mqYbGsRqsAezNvEPjpnFYjPtZkmbQiRw2d9rGgl8enYiilGuzMICDBWCQjJt+e8KalwRL/bYrtWA==",
      "dependencies": {
        "@bscotch/utility": "^7.2.0",
        "tslib": "^2.8.1",
        "type-fest": "^4.41.0",
        "uuid": "^11.1.0",
        "zod": "^4.0.15"
      },
      "bin": {
        "yy": "dist/cli.mjs"
      }
    },
    "node_modules/debug": {
      "version": "4.3.4",
      "resolved": "https://registry.npmjs.org/debug/-/debug-4.3.4.tgz",
      "integrity": "sha512-PRWFHuSU3eDtQJPvnNY7Jcket1j0t5OuOsFzPPzsekD52Zl8qUfFIPEiswXqIvHWGVHOgX+7G/vCNNhehwxfkQ==",
      "dependencies": {
        "ms": "2.1.2"
      },
      "engines": {
        "node": ">=6.0"
      },
      "peerDependenciesMeta": {
        "supports-color": {
          "optional": true
        }
      }
    },
    "node_modules/ms": {
      "version": "2.1.2",
      "resolved": "https://registry.npmjs.org/ms/-/ms-2.1.2.tgz",
      "integrity": "sha512-sGkPx+VjMtmA6MX27oA4FBFELFCZZ4S4XqeGOXCv68tT+jb3vk/RyaKWP0PTKyWtmLSM0b+adUTEvbs1PEaH2w=="
    },
    "node_modules/tslib": {
      "version": "2.8.1",
      "resolved": "https://registry.npmjs.org/tslib/-/tslib-2.8.1.tgz",
      "integrity": "sha512-oJFu94HQb+KVduSUQL7wnpmqnfmLsOA/nAh6b6EH0wCEoK0/mPeXU6c3wKDV83MkOuHPRHtSXKKU99IBazS/2w=="
    },
    "node_modules/type-fest": {
      "version": "4.41.0",
      "resolved": "https://registry.npmjs.org/type-fest/-/type-fest-4.41.0.tgz",
      "integrity": "sha512-TeTSQ6H5YHvpqVwBRcnLDCBnDOHWYu7IvGbHT6N8AOymcr9PJGjc1GTtiWZTYg0NCgYwvnYWEkVChQAr9bjfwA==",
      "engines": {
        "node": ">=16"
      },
      "funding": {
        "url": "https://github.com/sponsors/sindresorhus"
      }
    },
    "node_modules/uuid": {
      "version": "11.1.0",
      "resolved": "https://registry.npmjs.org/uuid/-/uuid-11.1.0.tgz",
      "integrity": "sha512-0/A9rDy9P7cJ+8w1c9WD9V//9Wj15Ce2MPz8Ri6032usz+NfePxx5AcN3bN+r6ZL6jEo066/yNYB3tn4pQEx+A==",
      "funding": [
        "https://github.com/sponsors/broofa",
        "https://github.com/sponsors/ctavan"
      ],
      "bin": {
        "uuid": "dist/esm/bin/uuid"
      }
    },
    "node_modules/zod": {
      "version": "4.1.12",
      "resolved": "https://registry.npmjs.org/zod/-/zod-4.1.12.tgz",
      "integrity": "sha512-JInaHOamG8pt5+Ey8kGmdcAcg3OL9reK8ltczgHTAwNhMys/6ThXHityHxVV2p3fkw/c+MAvBHFVYHFZDmjMCQ==",
      "funding": {
        "url": "https://github.com/sponsors/colinhacks"
      }
    }
  },
  "dependencies": {
    "@bscotch/utility": {
      "version": "7.2.0",
      "resolved": "https://registry.npmjs.org/@bscotch/utility/-/utility-7.2.0.tgz",
      "integrity": "sha512-LBf3peXw150JiLwqgo1gaubGdcvC02dQH++Udj3G6ttKTMWdtTxdrWX7Ny2MsdX3IIK5AflCO9m82z74k+KMFg==",
      "requires": {
        "debug": "4.3.4",
        "tslib": "^2.6.2"
      }
    },
    "@bscotch/yy": {
      "version": "2.6.1",
      "resolved": "https://registry.npmjs.org/@bscotch/yy/-/yy-2.6.1.tgz",
      "integrity": "sha512-Q4KPey0FZ1mqYbGsRqsAezNvEPjpnFYjPtZkmbQiRw2d9rGgl8enYiilGuzMICDBWCQjJt+e8KalwRL/bYrtWA==",
      "requires": {
        "@bscotch/utility": "^7.2.0",
        "tslib": "^2.8.1",
        "type-fest": "^4.41.0",
        "uuid": "^11.1.0",
        "zod": "^4.0.15"
      }
    },
    "debug": {
      "version": "4.3.4",
      "resolved": "https://registry.npmjs.org/debug/-/debug-4.3.4.tgz",
      "integrity": "sha512-PRWFHuSU3eDtQJPvnNY7Jcket1j0t5OuOsFzPPzsekD52Zl8qUfFIPEiswXqIvHWGVHOgX+7G/vCNNhehwxfkQ==",
      "requires": {
        "ms": "2.1.2"
      }
    },
    "ms": {
      "version": "2.1.2",
      "resolved": "https://registry.npmjs.org/ms/-/ms-2.1.2.tgz",
      "integrity": "sha512-sGkPx+VjMtmA6MX27oA4FBFELFCZZ4S4XqeGOXCv68tT+jb3vk/RyaKWP0PTKyWtmLSM0b+adUTEvbs1PEaH2w=="
    },
    "tslib": {
      "version": "2.8.1",
      "resolved": "https://registry.npmjs.org/tslib/-/tslib-2.8.1.tgz",
      "integrity": "sha512-oJFu94HQb+KVduSUQL7wnpmqnfmLsOA/nAh6b6EH0wCEoK0/mPeXU6c3wKDV83MkOuHPRHtSXKKU99IBazS/2w=="
    },
    "type-fest": {
      "version": "4.41.0",
      "resolved": "https://registry.npmjs.org/type-fest/-/type-fest-4.41.0.tgz",
      "integrity": "sha512-TeTSQ6H5YHvpqVwBRcnLDCBnDOHWYu7IvGbHT6N8AOymcr9PJGjc1GTtiWZTYg0NCgYwvnYWEkVChQAr9bjfwA=="
    },
    "uuid": {
      "version": "11.1.0",
      "resolved": "https://registry.npmjs.org/uuid/-/uuid-11.1.0.tgz",
      "integrity": "sha512-0/A9rDy9P7cJ+8w1c9WD9V//9Wj15Ce2MPz8Ri6032usz+NfePxx5AcN3bN+r6ZL6jEo066/yNYB3tn4pQEx+A=="
    },
    "zod": {
      "version": "4.1.12",
      "resolved": "https://registry.npmjs.org/zod/-/zod-4.1.12.tgz",
      "integrity": "sha512-JInaHOamG8pt5+Ey8kGmdcAcg3OL9reK8ltczgHTAwNhMys/6ThXHityHxVV2p3fkw/c+MAvBHFVYHFZDmjMCQ=="
    }
  }
}
